
Microsoft Visual Studio Solution File, Format Version 12.00
# Visual Studio Version 17
VisualStudioVersion = 17.8.34330.188
MinimumVisualStudioVersion = 10.0.40219.1
Project("{9A19103F-16F7-4668-BE54-9A1E7A4F7556}") = "AspTask", "AspTask\AspTask.csproj", "{CA93E845-739B-4992-B932-CBE3DE4D4126}"
EndProject
Project("{9A19103F-16F7-4668-BE54-9A1E7A4F7556}") = "AspTask.Auth.Common", "AspTask.Auth.Common\AspTask.Auth.Common.csproj", "{58EE995E-A771-4476-A687-0936B1A96B82}"
EndProject
Global
	GlobalSection(SolutionConfigurationPlatforms) = preSolution
		Debug|Any CPU = Debug|Any CPU
		Release|Any CPU = Release|Any CPU
	EndGlobalSection
	GlobalSection(ProjectConfigurationPlatforms) = postSolution
		{CA93E845-739B-4992-B932-CBE3DE4D4126}.Debug|Any CPU.ActiveCfg = Debug|Any CPU
		{CA93E845-739B-4992-B932-CBE3DE4D4126}.Debug|Any CPU.Build.0 = Debug|Any CPU
		{CA93E845-739B-4992-B932-CBE3DE4D4126}.Release|Any CPU.ActiveCfg = Release|Any CPU
		{CA93E845-739B-4992-B932-CBE3DE4D4126}.Release|Any CPU.Build.0 = Release|Any CPU
		{58EE995E-A771-4476-A687-0936B1A96B82}.Debug|Any CPU.ActiveCfg = Debug|Any CPU
		{58EE995E-A771-4476-A687-0936B1A96B82}.Debug|Any CPU.Build.0 = Debug|Any CPU
		{58EE995E-A771-4476-A687-0936B1A96B82}.Release|Any CPU.ActiveCfg = Release|Any CPU
		{58EE995E-A771-4476-A687-0936B1A96B82}.Release|Any CPU.Build.0 = Release|Any CPU
	EndGlobalSection
	GlobalSection(SolutionProperties) = preSolution
		HideSolutionNode = FALSE
	EndGlobalSection
	GlobalSection(ExtensibilityGlobals) = postSolution
		SolutionGuid = {AC444DCD-6CBB-4DE2-889B-1D2F4271F09F}
	EndGlobalSection
EndGlobal
